
Microsoft Visual Studio Solution File, Format Version 12.00
# Visual Studio 15
VisualStudioVersion = 15.0.27703.2026
MinimumVisualStudioVersion = 10.0.40219.1
Project("{FAE04EC0-301F-11D3-BF4B-00C04F79EFBC}") = "HospitalClient", "HospitalClient\HospitalClient.csproj", "{F9602661-6768-491B-B2F2-80A80DE052A3}"
EndProject
Global
	GlobalSection(SolutionConfigurationPlatforms) = preSolution
		Debug|Any CPU = Debug|Any CPU
		Release|Any CPU = Release|Any CPU
	EndGlobalSection
	GlobalSection(ProjectConfigurationPlatforms) = postSolution
		{F9602661-6768-491B-B2F2-80A80DE052A3}.Debug|Any CPU.ActiveCfg = Debug|Any CPU
		{F9602661-6768-491B-B2F2-80A80DE052A3}.Debug|Any CPU.Build.0 = Debug|Any CPU
		{F9602661-6768-491B-B2F2-80A80DE052A3}.Release|Any CPU.ActiveCfg = Release|Any CPU
		{F9602661-6768-491B-B2F2-80A80DE052A3}.Release|Any CPU.Build.0 = Release|Any CPU
	EndGlobalSection
	GlobalSection(SolutionProperties) = preSolution
		HideSolutionNode = FALSE
	EndGlobalSection
	GlobalSection(ExtensibilityGlobals) = postSolution
		SolutionGuid = {F4AED77E-3CBF-4912-986D-D4186E083C91}
	EndGlobalSection
EndGlobal
